
Microsoft Visual Studio Solution File, Format Version 12.00
# Visual Studio Version 17
VisualStudioVersion = 17.9.34728.123
MinimumVisualStudioVersion = 10.0.40219.1
Project("{FAE04EC0-301F-11D3-BF4B-00C04F79EFBC}") = "FileProvider", "FileProvider\FileProvider.csproj", "{1FF40C4D-E2E5-4E09-BC3A-30868B2E00B8}"
EndProject
Project("{FAE04EC0-301F-11D3-BF4B-00C04F79EFBC}") = "Data", "Data\Data.csproj", "{BCFB014C-7D0A-4674-A28D-7F1AC8232BF7}"
EndProject
Global
	GlobalSection(SolutionConfigurationPlatforms) = preSolution
		Debug|Any CPU = Debug|Any CPU
		Release|Any CPU = Release|Any CPU
	EndGlobalSection
	GlobalSection(ProjectConfigurationPlatforms) = postSolution
		{1FF40C4D-E2E5-4E09-BC3A-30868B2E00B8}.Debug|Any CPU.ActiveCfg = Debug|Any CPU
		{1FF40C4D-E2E5-4E09-BC3A-30868B2E00B8}.Debug|Any CPU.Build.0 = Debug|Any CPU
		{1FF40C4D-E2E5-4E09-BC3A-30868B2E00B8}.Release|Any CPU.ActiveCfg = Release|Any CPU
		{1FF40C4D-E2E5-4E09-BC3A-30868B2E00B8}.Release|Any CPU.Build.0 = Release|Any CPU
		{BCFB014C-7D0A-4674-A28D-7F1AC8232BF7}.Debug|Any CPU.ActiveCfg = Debug|Any CPU
		{BCFB014C-7D0A-4674-A28D-7F1AC8232BF7}.Debug|Any CPU.Build.0 = Debug|Any CPU
		{BCFB014C-7D0A-4674-A28D-7F1AC8232BF7}.Release|Any CPU.ActiveCfg = Release|Any CPU
		{BCFB014C-7D0A-4674-A28D-7F1AC8232BF7}.Release|Any CPU.Build.0 = Release|Any CPU
	EndGlobalSection
	GlobalSection(SolutionProperties) = preSolution
		HideSolutionNode = FALSE
	EndGlobalSection
	GlobalSection(ExtensibilityGlobals) = postSolution
		SolutionGuid = {DA23F719-5667-48A9-BEF5-553D56E894C8}
	EndGlobalSection
EndGlobal
